
Microsoft Visual Studio Solution File, Format Version 12.00
# Visual Studio 15
VisualStudioVersion = 15.0.28307.779
MinimumVisualStudioVersion = 10.0.40219.1
Project("{FAE04EC0-301F-11D3-BF4B-00C04F79EFBC}") = "MealPlannerDesktop", "MealPlannerDesktop\MealPlannerDesktop.csproj", "{6AF0A0EB-D8C9-4453-9CF6-F1BA732490B4}"
EndProject
Global
	GlobalSection(SolutionConfigurationPlatforms) = preSolution
		Debug|Any CPU = Debug|Any CPU
		Release|Any CPU = Release|Any CPU
	EndGlobalSection
	GlobalSection(ProjectConfigurationPlatforms) = postSolution
		{6AF0A0EB-D8C9-4453-9CF6-F1BA732490B4}.Debug|Any CPU.ActiveCfg = Debug|Any CPU
		{6AF0A0EB-D8C9-4453-9CF6-F1BA732490B4}.Debug|Any CPU.Build.0 = Debug|Any CPU
		{6AF0A0EB-D8C9-4453-9CF6-F1BA732490B4}.Release|Any CPU.ActiveCfg = Release|Any CPU
		{6AF0A0EB-D8C9-4453-9CF6-F1BA732490B4}.Release|Any CPU.Build.0 = Release|Any CPU
	EndGlobalSection
	GlobalSection(SolutionProperties) = preSolution
		HideSolutionNode = FALSE
	EndGlobalSection
	GlobalSection(ExtensibilityGlobals) = postSolution
		SolutionGuid = {76F41812-91DD-4D4A-ACCC-9BC9F2D0C67C}
	EndGlobalSection
EndGlobal
